# This file is generated by running "yarn install" inside your project.
# Manual changes might be lost - proceed with caution!

__metadata:
  version: 8
  cacheKey: 10c0

"@shopify/liquid-html-parser@npm:^2.8.2":
  version: 2.8.2
  resolution: "@shopify/liquid-html-parser@npm:2.8.2"
  dependencies:
    line-column: "npm:^1.0.2"
    ohm-js: "npm:^16.3.0"
  checksum: 10c0/750315861e34dca226409c16a30ed171786c4226e8764901483036fa256f76718afc67c0c4ff7e85bfb8aa0e6a4f1120ed07a25d863bb03365bfd4d22e064100
  languageName: node
  linkType: hard

"@shopify/prettier-plugin-liquid@npm:^1.9.3":
  version: 1.9.3
  resolution: "@shopify/prettier-plugin-liquid@npm:1.9.3"
  dependencies:
    "@shopify/liquid-html-parser": "npm:^2.8.2"
    html-styles: "npm:^1.0.0"
  peerDependencies:
    prettier: ^2.0.0 || ^3.0.0
  checksum: 10c0/8c7fd290dacf3138bfa4477c185cf43e15113c576a70c6bda312ce754a4b9d8560a07016cbe7c633002279faa8f39b601c01fd0be270ce903645bc1de15a8121
  languageName: node
  linkType: hard

"enflujo-magma@workspace:.":
  version: 0.0.0-use.local
  resolution: "enflujo-magma@workspace:."
  dependencies:
    "@shopify/prettier-plugin-liquid": "npm:^1.9.3"
    prettier: "npm:^3.6.2"
  languageName: unknown
  linkType: soft

"html-styles@npm:^1.0.0":
  version: 1.0.0
  resolution: "html-styles@npm:1.0.0"
  checksum: 10c0/50278b87732a33205c994908f083f615af1450d2436841fde9b6e7a7ad07f494d3731108d09e37ffef3512fe53b972447a0be20aaf3d2bd4ec2adc1633b11cb5
  languageName: node
  linkType: hard

"isarray@npm:1.0.0, isarray@npm:^1.0.0":
  version: 1.0.0
  resolution: "isarray@npm:1.0.0"
  checksum: 10c0/18b5be6669be53425f0b84098732670ed4e727e3af33bc7f948aac01782110eb9a18b3b329c5323bcdd3acdaae547ee077d3951317e7f133bff7105264b3003d
  languageName: node
  linkType: hard

"isobject@npm:^2.0.0":
  version: 2.1.0
  resolution: "isobject@npm:2.1.0"
  dependencies:
    isarray: "npm:1.0.0"
  checksum: 10c0/c4cafec73b3b2ee11be75dff8dafd283b5728235ac099b07d7873d5182553a707768e208327bbc12931b9422d8822280bf88d894a0024ff5857b3efefb480e7b
  languageName: node
  linkType: hard

"line-column@npm:^1.0.2":
  version: 1.0.2
  resolution: "line-column@npm:1.0.2"
  dependencies:
    isarray: "npm:^1.0.0"
    isobject: "npm:^2.0.0"
  checksum: 10c0/75aa918a9791362a3369c7222689350dc6df5b040314525ba79c3682f1386e13a3ceddd6b2584b8cb5c3ab3a5b3c50c940a182772dbb6361303bf6ef65fc2d64
  languageName: node
  linkType: hard

"ohm-js@npm:^16.3.0":
  version: 16.6.0
  resolution: "ohm-js@npm:16.6.0"
  checksum: 10c0/43c475af5b0e8413440a616aac8c7064344d941aa039f8dc186cf7ec748582a291dcbc9f7235316bb108e99307b2b5358c7c8ead4db12190bd3aa0ef71c84bb6
  languageName: node
  linkType: hard

"prettier@npm:^3.6.2":
  version: 3.6.2
  resolution: "prettier@npm:3.6.2"
  bin:
    prettier: bin/prettier.cjs
  checksum: 10c0/488cb2f2b99ec13da1e50074912870217c11edaddedeadc649b1244c749d15ba94e846423d062e2c4c9ae683e2d65f754de28889ba06e697ac4f988d44f45812
  languageName: node
  linkType: hard
